// !$*UTF8*$!
{
	archiveVersion = 1;
	classes = {
	};
	objectVersion = 55;
	objects = {

/* Begin PBXBuildFile section */
		F0822F0E282B599E00E26EE4 /* Tests_iOS.swift in Sources */ = {isa = PBXBuildFile; fileRef = F0822F0D282B599E00E26EE4 /* Tests_iOS.swift */; };
		F0822F10282B599E00E26EE4 /* Tests_iOSLaunchTests.swift in Sources */ = {isa = PBXBuildFile; fileRef = F0822F0F282B599E00E26EE4 /* Tests_iOSLaunchTests.swift */; };
		F0822F1A282B599E00E26EE4 /* Tests_macOS.swift in Sources */ = {isa = PBXBuildFile; fileRef = F0822F19282B599E00E26EE4 /* Tests_macOS.swift */; };
		F0822F1C282B599E00E26EE4 /* Tests_macOSLaunchTests.swift in Sources */ = {isa = PBXBuildFile; fileRef = F0822F1B282B599E00E26EE4 /* Tests_macOSLaunchTests.swift */; };
		F0822F1D282B599E00E26EE4 /* firstprogramApp.swift in Sources */ = {isa = PBXBuildFile; fileRef = F0822EF5282B599D00E26EE4 /* firstprogramApp.swift */; };
		F0822F1E282B599E00E26EE4 /* firstprogramApp.swift in Sources */ = {isa = PBXBuildFile; fileRef = F0822EF5282B599D00E26EE4 /* firstprogramApp.swift */; };
		F0822F1F282B599E00E26EE4 /* ContentView.swift in Sources */ = {isa = PBXBuildFile; fileRef = F0822EF6282B599D00E26EE4 /* ContentView.swift */; };
		F0822F20282B599E00E26EE4 /* ContentView.swift in Sources */ = {isa = PBXBuildFile; fileRef = F0822EF6282B599D00E26EE4 /* ContentView.swift */; };
		F0822F21282B599E00E26EE4 /* Assets.xcassets in Resources */ = {isa = PBXBuildFile; fileRef = F0822EF7282B599E00E26EE4 /* Assets.xcassets */; };
		F0822F22282B599E00E26EE4 /* Assets.xcassets in Resources */ = {isa = PBXBuildFile; fileRef = F0822EF7282B599E00E26EE4 /* Assets.xcassets */; };
		F0822F38282B5AD300E26EE4 /* helloworld.c in Sources */ = {isa = PBXBuildFile; fileRef = F0822F37282B5AD300E26EE4 /* helloworld.c */; };
		F0822F39282B5AD300E26EE4 /* helloworld.c in Sources */ = {isa = PBXBuildFile; fileRef = F0822F37282B5AD300E26EE4 /* helloworld.c */; };
/* End PBXBuildFile section */

/* Begin PBXContainerItemProxy section */
		F0822F0A282B599E00E26EE4 /* PBXContainerItemProxy */ = {
			isa = PBXContainerItemProxy;
			containerPortal = F0822EF0282B599C00E26EE4 /* Project object */;
			proxyType = 1;
			remoteGlobalIDString = F0822EFB282B599E00E26EE4;
			remoteInfo = "firstprogram (iOS)";
		};
		F0822F16282B599E00E26EE4 /* PBXContainerItemProxy */ = {
			isa = PBXContainerItemProxy;
			containerPortal = F0822EF0282B599C00E26EE4 /* Project object */;
			proxyType = 1;
			remoteGlobalIDString = F0822F01282B599E00E26EE4;
			remoteInfo = "firstprogram (macOS)";
		};
/* End PBXContainerItemProxy section */

/* Begin PBXFileReference section */
		F0822EF5282B599D00E26EE4 /* firstprogramApp.swift */ = {isa = PBXFileReference; lastKnownFileType = sourcecode.swift; path = firstprogramApp.swift; sourceTree = "<group>"; };
		F0822EF6282B599D00E26EE4 /* ContentView.swift */ = {isa = PBXFileReference; lastKnownFileType = sourcecode.swift; path = ContentView.swift; sourceTree = "<group>"; };
		F0822EF7282B599E00E26EE4 /* Assets.xcassets */ = {isa = PBXFileReference; lastKnownFileType = folder.assetcatalog; path = Assets.xcassets; sourceTree = "<group>"; };
		F0822EFC282B599E00E26EE4 /* firstprogram.app */ = {isa = PBXFileReference; explicitFileType = wrapper.application; includeInIndex = 0; path = firstprogram.app; sourceTree = BUILT_PRODUCTS_DIR; };
		F0822F02282B599E00E26EE4 /* firstprogram.app */ = {isa = PBXFileReference; explicitFileType = wrapper.application; includeInIndex = 0; path = firstprogram.app; sourceTree = BUILT_PRODUCTS_DIR; };
		F0822F04282B599E00E26EE4 /* macOS.entitlements */ = {isa = PBXFileReference; lastKnownFileType = text.plist.entitlements; path = macOS.entitlements; sourceTree = "<group>"; };
		F0822F09282B599E00E26EE4 /* Tests iOS.xctest */ = {isa = PBXFileReference; explicitFileType = wrapper.cfbundle; includeInIndex = 0; path = "Tests iOS.xctest"; sourceTree = BUILT_PRODUCTS_DIR; };
		F0822F0D282B599E00E26EE4 /* Tests_iOS.swift */ = {isa = PBXFileReference; lastKnownFileType = sourcecode.swift; path = Tests_iOS.swift; sourceTree = "<group>"; };
		F0822F0F282B599E00E26EE4 /* Tests_iOSLaunchTests.swift */ = {isa = PBXFileReference; lastKnownFileType = sourcecode.swift; path = Tests_iOSLaunchTests.swift; sourceTree = "<group>"; };
		F0822F15282B599E00E26EE4 /* Tests macOS.xctest */ = {isa = PBXFileReference; explicitFileType = wrapper.cfbundle; includeInIndex = 0; path = "Tests macOS.xctest"; sourceTree = BUILT_PRODUCTS_DIR; };
		F0822F19282B599E00E26EE4 /* Tests_macOS.swift */ = {isa = PBXFileReference; lastKnownFileType = sourcecode.swift; path = Tests_macOS.swift; sourceTree = "<group>"; };
		F0822F1B282B599E00E26EE4 /* Tests_macOSLaunchTests.swift */ = {isa = PBXFileReference; lastKnownFileType = sourcecode.swift; path = Tests_macOSLaunchTests.swift; sourceTree = "<group>"; };
		F0822F34282B5AD200E26EE4 /* firstprogram (iOS)-Bridging-Header.h */ = {isa = PBXFileReference; lastKnownFileType = sourcecode.c.h; path = "firstprogram (iOS)-Bridging-Header.h"; sourceTree = "<group>"; };
		F0822F35282B5AD200E26EE4 /* firstprogram (macOS)-Bridging-Header.h */ = {isa = PBXFileReference; lastKnownFileType = sourcecode.c.h; path = "firstprogram (macOS)-Bridging-Header.h"; sourceTree = "<group>"; };
		F0822F36282B5AD300E26EE4 /* helloworld.h */ = {isa = PBXFileReference; lastKnownFileType = sourcecode.c.h; path = helloworld.h; sourceTree = "<group>"; };
		F0822F37282B5AD300E26EE4 /* helloworld.c */ = {isa = PBXFileReference; lastKnownFileType = sourcecode.c.c; path = helloworld.c; sourceTree = "<group>"; };
/* End PBXFileReference section */

/* Begin PBXFrameworksBuildPhase section */
		F0822EF9282B599E00E26EE4 /* Frameworks */ = {
			isa = PBXFrameworksBuildPhase;
			buildActionMask = 2147483647;
			files = (
			);
			runOnlyForDeploymentPostprocessing = 0;
		};
		F0822EFF282B599E00E26EE4 /* Frameworks */ = {
			isa = PBXFrameworksBuildPhase;
			buildActionMask = 2147483647;
			files = (
			);
			runOnlyForDeploymentPostprocessing = 0;
		};
		F0822F06282B599E00E26EE4 /* Frameworks */ = {
			isa = PBXFrameworksBuildPhase;
			buildActionMask = 2147483647;
			files = (
			);
			runOnlyForDeploymentPostprocessing = 0;
		};
		F0822F12282B599E00E26EE4 /* Frameworks */ = {
			isa = PBXFrameworksBuildPhase;
			buildActionMask = 2147483647;
			files = (
			);
			runOnlyForDeploymentPostprocessing = 0;
		};
/* End PBXFrameworksBuildPhase section */

/* Begin PBXGroup section */
		F0822EEF282B599C00E26EE4 = {
			isa = PBXGroup;
			children = (
				F0822F36282B5AD300E26EE4 /* helloworld.h */,
				F0822F37282B5AD300E26EE4 /* helloworld.c */,
				F0822EF4282B599D00E26EE4 /* Shared */,
				F0822F03282B599E00E26EE4 /* macOS */,
				F0822F0C282B599E00E26EE4 /* Tests iOS */,
				F0822F18282B599E00E26EE4 /* Tests macOS */,
				F0822EFD282B599E00E26EE4 /* Products */,
				F0822F34282B5AD200E26EE4 /* firstprogram (iOS)-Bridging-Header.h */,
				F0822F35282B5AD200E26EE4 /* firstprogram (macOS)-Bridging-Header.h */,
			);
			sourceTree = "<group>";
		};
		F0822EF4282B599D00E26EE4 /* Shared */ = {
			isa = PBXGroup;
			children = (
				F0822EF5282B599D00E26EE4 /* firstprogramApp.swift */,
				F0822EF6282B599D00E26EE4 /* ContentView.swift */,
				F0822EF7282B599E00E26EE4 /* Assets.xcassets */,
			);
			path = Shared;
			sourceTree = "<group>";
		};
		F0822EFD282B599E00E26EE4 /* Products */ = {
			isa = PBXGroup;
			children = (
				F0822EFC282B599E00E26EE4 /* firstprogram.app */,
				F0822F02282B599E00E26EE4 /* firstprogram.app */,
				F0822F09282B599E00E26EE4 /* Tests iOS.xctest */,
				F0822F15282B599E00E26EE4 /* Tests macOS.xctest */,
			);
			name = Products;
			sourceTree = "<group>";
		};
		F0822F03282B599E00E26EE4 /* macOS */ = {
			isa = PBXGroup;
			children = (
				F0822F04282B599E00E26EE4 /* macOS.entitlements */,
			);
			path = macOS;
			sourceTree = "<group>";
		};
		F0822F0C282B599E00E26EE4 /* Tests iOS */ = {
			isa = PBXGroup;
			children = (
				F0822F0D282B599E00E26EE4 /* Tests_iOS.swift */,
				F0822F0F282B599E00E26EE4 /* Tests_iOSLaunchTests.swift */,
			);
			path = "Tests iOS";
			sourceTree = "<group>";
		};
		F0822F18282B599E00E26EE4 /* Tests macOS */ = {
			isa = PBXGroup;
			children = (
				F0822F19282B599E00E26EE4 /* Tests_macOS.swift */,
				F0822F1B282B599E00E26EE4 /* Tests_macOSLaunchTests.swift */,
			);
			path = "Tests macOS";
			sourceTree = "<group>";
		};
/* End PBXGroup section */

/* Begin PBXNativeTarget section */
		F0822EFB282B599E00E26EE4 /* firstprogram (iOS) */ = {
			isa = PBXNativeTarget;
			buildConfigurationList = F0822F25282B599E00E26EE4 /* Build configuration list for PBXNativeTarget "firstprogram (iOS)" */;
			buildPhases = (
				F0822EF8282B599E00E26EE4 /* Sources */,
				F0822EF9282B599E00E26EE4 /* Frameworks */,
				F0822EFA282B599E00E26EE4 /* Resources */,
			);
			buildRules = (
			);
			dependencies = (
			);
			name = "firstprogram (iOS)";
			productName = "firstprogram (iOS)";
			productReference = F0822EFC282B599E00E26EE4 /* firstprogram.app */;
			productType = "com.apple.product-type.application";
		};
		F0822F01282B599E00E26EE4 /* firstprogram (macOS) */ = {
			isa = PBXNativeTarget;
			buildConfigurationList = F0822F28282B599E00E26EE4 /* Build configuration list for PBXNativeTarget "firstprogram (macOS)" */;
			buildPhases = (
				F0822EFE282B599E00E26EE4 /* Sources */,
				F0822EFF282B599E00E26EE4 /* Frameworks */,
				F0822F00282B599E00E26EE4 /* Resources */,
			);
			buildRules = (
			);
			dependencies = (
			);
			name = "firstprogram (macOS)";
			productName = "firstprogram (macOS)";
			productReference = F0822F02282B599E00E26EE4 /* firstprogram.app */;
			productType = "com.apple.product-type.application";
		};
		F0822F08282B599E00E26EE4 /* Tests iOS */ = {
			isa = PBXNativeTarget;
			buildConfigurationList = F0822F2B282B599E00E26EE4 /* Build configuration list for PBXNativeTarget "Tests iOS" */;
			buildPhases = (
				F0822F05282B599E00E26EE4 /* Sources */,
				F0822F06282B599E00E26EE4 /* Frameworks */,
				F0822F07282B599E00E26EE4 /* Resources */,
			);
			buildRules = (
			);
			dependencies = (
				F0822F0B282B599E00E26EE4 /* PBXTargetDependency */,
			);
			name = "Tests iOS";
			productName = "Tests iOS";
			productReference = F0822F09282B599E00E26EE4 /* Tests iOS.xctest */;
			productType = "com.apple.product-type.bundle.ui-testing";
		};
		F0822F14282B599E00E26EE4 /* Tests macOS */ = {
			isa = PBXNativeTarget;
			buildConfigurationList = F0822F2E282B599E00E26EE4 /* Build configuration list for PBXNativeTarget "Tests macOS" */;
			buildPhases = (
				F0822F11282B599E00E26EE4 /* Sources */,
				F0822F12282B599E00E26EE4 /* Frameworks */,
				F0822F13282B599E00E26EE4 /* Resources */,
			);
			buildRules = (
			);
			dependencies = (
				F0822F17282B599E00E26EE4 /* PBXTargetDependency */,
			);
			name = "Tests macOS";
			productName = "Tests macOS";
			productReference = F0822F15282B599E00E26EE4 /* Tests macOS.xctest */;
			productType = "com.apple.product-type.bundle.ui-testing";
		};
/* End PBXNativeTarget section */

/* Begin PBXProject section */
		F0822EF0282B599C00E26EE4 /* Project object */ = {
			isa = PBXProject;
			attributes = {
				BuildIndependentTargetsInParallel = 1;
				LastSwiftUpdateCheck = 1330;
				LastUpgradeCheck = 1330;
				TargetAttributes = {
					F0822EFB282B599E00E26EE4 = {
						CreatedOnToolsVersion = 13.3.1;
						LastSwiftMigration = 1330;
					};
					F0822F01282B599E00E26EE4 = {
						CreatedOnToolsVersion = 13.3.1;
						LastSwiftMigration = 1330;
					};
					F0822F08282B599E00E26EE4 = {
						CreatedOnToolsVersion = 13.3.1;
						TestTargetID = F0822EFB282B599E00E26EE4;
					};
					F0822F14282B599E00E26EE4 = {
						CreatedOnToolsVersion = 13.3.1;
						TestTargetID = F0822F01282B599E00E26EE4;
					};
				};
			};
			buildConfigurationList = F0822EF3282B599C00E26EE4 /* Build configuration list for PBXProject "firstprogram" */;
			compatibilityVersion = "Xcode 13.0";
			developmentRegion = en;
			hasScannedForEncodings = 0;
			knownRegions = (
				en,
				Base,
			);
			mainGroup = F0822EEF282B599C00E26EE4;
			productRefGroup = F0822EFD282B599E00E26EE4 /* Products */;
			projectDirPath = "";
			projectRoot = "";
			targets = (
				F0822EFB282B599E00E26EE4 /* firstprogram (iOS) */,
				F0822F01282B599E00E26EE4 /* firstprogram (macOS) */,
				F0822F08282B599E00E26EE4 /* Tests iOS */,
				F0822F14282B599E00E26EE4 /* Tests macOS */,
			);
		};
/* End PBXProject section */

/* Begin PBXResourcesBuildPhase section */
		F0822EFA282B599E00E26EE4 /* Resources */ = {
			isa = PBXResourcesBuildPhase;
			buildActionMask = 2147483647;
			files = (
				F0822F21282B599E00E26EE4 /* Assets.xcassets in Resources */,
			);
			runOnlyForDeploymentPostprocessing = 0;
		};
		F0822F00282B599E00E26EE4 /* Resources */ = {
			isa = PBXResourcesBuildPhase;
			buildActionMask = 2147483647;
			files = (
				F0822F22282B599E00E26EE4 /* Assets.xcassets in Resources */,
			);
			runOnlyForDeploymentPostprocessing = 0;
		};
		F0822F07282B599E00E26EE4 /* Resources */ = {
			isa = PBXResourcesBuildPhase;
			buildActionMask = 2147483647;
			files = (
			);
			runOnlyForDeploymentPostprocessing = 0;
		};
		F0822F13282B599E00E26EE4 /* Resources */ = {
			isa = PBXResourcesBuildPhase;
			buildActionMask = 2147483647;
			files = (
			);
			runOnlyForDeploymentPostprocessing = 0;
		};
/* End PBXResourcesBuildPhase section */

/* Begin PBXSourcesBuildPhase section */
		F0822EF8282B599E00E26EE4 /* Sources */ = {
			isa = PBXSourcesBuildPhase;
			buildActionMask = 2147483647;
			files = (
				F0822F1F282B599E00E26EE4 /* ContentView.swift in Sources */,
				F0822F1D282B599E00E26EE4 /* firstprogramApp.swift in Sources */,
				F0822F38282B5AD300E26EE4 /* helloworld.c in Sources */,
			);
			runOnlyForDeploymentPostprocessing = 0;
		};
		F0822EFE282B599E00E26EE4 /* Sources */ = {
			isa = PBXSourcesBuildPhase;
			buildActionMask = 2147483647;
			files = (
				F0822F20282B599E00E26EE4 /* ContentView.swift in Sources */,
				F0822F1E282B599E00E26EE4 /* firstprogramApp.swift in Sources */,
				F0822F39282B5AD300E26EE4 /* helloworld.c in Sources */,
			);
			runOnlyForDeploymentPostprocessing = 0;
		};
		F0822F05282B599E00E26EE4 /* Sources */ = {
			isa = PBXSourcesBuildPhase;
			buildActionMask = 2147483647;
			files = (
				F0822F10282B599E00E26EE4 /* Tests_iOSLaunchTests.swift in Sources */,
				F0822F0E282B599E00E26EE4 /* Tests_iOS.swift in Sources */,
			);
			runOnlyForDeploymentPostprocessing = 0;
		};
		F0822F11282B599E00E26EE4 /* Sources */ = {
			isa = PBXSourcesBuildPhase;
			buildActionMask = 2147483647;
			files = (
				F0822F1C282B599E00E26EE4 /* Tests_macOSLaunchTests.swift in Sources */,
				F0822F1A282B599E00E26EE4 /* Tests_macOS.swift in Sources */,
			);
			runOnlyForDeploymentPostprocessing = 0;
		};
/* End PBXSourcesBuildPhase section */

/* Begin PBXTargetDependency section */
		F0822F0B282B599E00E26EE4 /* PBXTargetDependency */ = {
			isa = PBXTargetDependency;
			target = F0822EFB282B599E00E26EE4 /* firstprogram (iOS) */;
			targetProxy = F0822F0A282B599E00E26EE4 /* PBXContainerItemProxy */;
		};
		F0822F17282B599E00E26EE4 /* PBXTargetDependency */ = {
			isa = PBXTargetDependency;
			target = F0822F01282B599E00E26EE4 /* firstprogram (macOS) */;
			targetProxy = F0822F16282B599E00E26EE4 /* PBXContainerItemProxy */;
		};
/* End PBXTargetDependency section */

/* Begin XCBuildConfiguration section */
		F0822F23282B599E00E26EE4 /* Debug */ = {
			isa = XCBuildConfiguration;
			buildSettings = {
				ALWAYS_SEARCH_USER_PATHS = NO;
				CLANG_ANALYZER_NONNULL = YES;
				CLANG_ANALYZER_NUMBER_OBJECT_CONVERSION = YES_AGGRESSIVE;
				CLANG_CXX_LANGUAGE_STANDARD = "gnu++17";
				CLANG_ENABLE_MODULES = YES;
				CLANG_ENABLE_OBJC_ARC = YES;
				CLANG_ENABLE_OBJC_WEAK = YES;
				CLANG_WARN_BLOCK_CAPTURE_AUTORELEASING = YES;
				CLANG_WARN_BOOL_CONVERSION = YES;
				CLANG_WARN_COMMA = YES;
				CLANG_WARN_CONSTANT_CONVERSION = YES;
				CLANG_WARN_DEPRECATED_OBJC_IMPLEMENTATIONS = YES;
				CLANG_WARN_DIRECT_OBJC_ISA_USAGE = YES_ERROR;
				CLANG_WARN_DOCUMENTATION_COMMENTS = YES;
				CLANG_WARN_EMPTY_BODY = YES;
				CLANG_WARN_ENUM_CONVERSION = YES;
				CLANG_WARN_INFINITE_RECURSION = YES;
				CLANG_WARN_INT_CONVERSION = YES;
				CLANG_WARN_NON_LITERAL_NULL_CONVERSION = YES;
				CLANG_WARN_OBJC_IMPLICIT_RETAIN_SELF = YES;
				CLANG_WARN_OBJC_LITERAL_CONVERSION = YES;
				CLANG_WARN_OBJC_ROOT_CLASS = YES_ERROR;
				CLANG_WARN_QUOTED_INCLUDE_IN_FRAMEWORK_HEADER = YES;
				CLANG_WARN_RANGE_LOOP_ANALYSIS = YES;
				CLANG_WARN_STRICT_PROTOTYPES = YES;
				CLANG_WARN_SUSPICIOUS_MOVE = YES;
				CLANG_WARN_UNGUARDED_AVAILABILITY = YES_AGGRESSIVE;
				CLANG_WARN_UNREACHABLE_CODE = YES;
				CLANG_WARN__DUPLICATE_METHOD_MATCH = YES;
				COPY_PHASE_STRIP = NO;
				DEBUG_INFORMATION_FORMAT = dwarf;
				ENABLE_STRICT_OBJC_MSGSEND = YES;
				ENABLE_TESTABILITY = YES;
				GCC_C_LANGUAGE_STANDARD = gnu11;
				GCC_DYNAMIC_NO_PIC = NO;
				GCC_NO_COMMON_BLOCKS = YES;
				GCC_OPTIMIZATION_LEVEL = 0;
				GCC_PREPROCESSOR_DEFINITIONS = (
					"DEBUG=1",
					"$(inherited)",
				);
				GCC_WARN_64_TO_32_BIT_CONVERSION = YES;
				GCC_WARN_ABOUT_RETURN_TYPE = YES_ERROR;
				GCC_WARN_UNDECLARED_SELECTOR = YES;
				GCC_WARN_UNINITIALIZED_AUTOS = YES_AGGRESSIVE;
				GCC_WARN_UNUSED_FUNCTION = YES;
				GCC_WARN_UNUSED_VARIABLE = YES;
				MTL_ENABLE_DEBUG_INFO = INCLUDE_SOURCE;
				MTL_FAST_MATH = YES;
				ONLY_ACTIVE_ARCH = YES;
				SWIFT_ACTIVE_COMPILATION_CONDITIONS = DEBUG;
				SWIFT_OPTIMIZATION_LEVEL = "-Onone";
			};
			name = Debug;
		};
		F0822F24282B599E00E26EE4 /* Release */ = {
			isa = XCBuildConfiguration;
			buildSettings = {
				ALWAYS_SEARCH_USER_PATHS = NO;
				CLANG_ANALYZER_NONNULL = YES;
				CLANG_ANALYZER_NUMBER_OBJECT_CONVERSION = YES_AGGRESSIVE;
				CLANG_CXX_LANGUAGE_STANDARD = "gnu++17";
				CLANG_ENABLE_MODULES = YES;
				CLANG_ENABLE_OBJC_ARC = YES;
				CLANG_ENABLE_OBJC_WEAK = YES;
				CLANG_WARN_BLOCK_CAPTURE_AUTORELEASING = YES;
				CLANG_WARN_BOOL_CONVERSION = YES;
				CLANG_WARN_COMMA = YES;
				CLANG_WARN_CONSTANT_CONVERSION = YES;
				CLANG_WARN_DEPRECATED_OBJC_IMPLEMENTATIONS = YES;
				CLANG_WARN_DIRECT_OBJC_ISA_USAGE = YES_ERROR;
				CLANG_WARN_DOCUMENTATION_COMMENTS = YES;
				CLANG_WARN_EMPTY_BODY = YES;
				CLANG_WARN_ENUM_CONVERSION = YES;
				CLANG_WARN_INFINITE_RECURSION = YES;
				CLANG_WARN_INT_CONVERSION = YES;
				CLANG_WARN_NON_LITERAL_NULL_CONVERSION = YES;
				CLANG_WARN_OBJC_IMPLICIT_RETAIN_SELF = YES;
				CLANG_WARN_OBJC_LITERAL_CONVERSION = YES;
				CLANG_WARN_OBJC_ROOT_CLASS = YES_ERROR;
				CLANG_WARN_QUOTED_INCLUDE_IN_FRAMEWORK_HEADER = YES;
				CLANG_WARN_RANGE_LOOP_ANALYSIS = YES;
				CLANG_WARN_STRICT_PROTOTYPES = YES;
				CLANG_WARN_SUSPICIOUS_MOVE = YES;
				CLANG_WARN_UNGUARDED_AVAILABILITY = YES_AGGRESSIVE;
				CLANG_WARN_UNREACHABLE_CODE = YES;
				CLANG_WARN__DUPLICATE_METHOD_MATCH = YES;
				COPY_PHASE_STRIP = NO;
				DEBUG_INFORMATION_FORMAT = "dwarf-with-dsym";
				ENABLE_NS_ASSERTIONS = NO;
				ENABLE_STRICT_OBJC_MSGSEND = YES;
				GCC_C_LANGUAGE_STANDARD = gnu11;
				GCC_NO_COMMON_BLOCKS = YES;
				GCC_WARN_64_TO_32_BIT_CONVERSION = YES;
				GCC_WARN_ABOUT_RETURN_TYPE = YES_ERROR;
				GCC_WARN_UNDECLARED_SELECTOR = YES;
				GCC_WARN_UNINITIALIZED_AUTOS = YES_AGGRESSIVE;
				GCC_WARN_UNUSED_FUNCTION = YES;
				GCC_WARN_UNUSED_VARIABLE = YES;
				MTL_ENABLE_DEBUG_INFO = NO;
				MTL_FAST_MATH = YES;
				SWIFT_COMPILATION_MODE = wholemodule;
				SWIFT_OPTIMIZATION_LEVEL = "-O";
			};
			name = Release;
		};
		F0822F26282B599E00E26EE4 /* Debug */ = {
			isa = XCBuildConfiguration;
			buildSettings = {
				ASSETCATALOG_COMPILER_APPICON_NAME = AppIcon;
				ASSETCATALOG_COMPILER_GLOBAL_ACCENT_COLOR_NAME = AccentColor;
				CLANG_ENABLE_MODULES = YES;
				CODE_SIGN_STYLE = Automatic;
				CURRENT_PROJECT_VERSION = 1;
				ENABLE_PREVIEWS = YES;
				GENERATE_INFOPLIST_FILE = YES;
				INFOPLIST_KEY_UIApplicationSceneManifest_Generation = YES;
				INFOPLIST_KEY_UIApplicationSupportsIndirectInputEvents = YES;
				INFOPLIST_KEY_UILaunchScreen_Generation = YES;
				INFOPLIST_KEY_UISupportedInterfaceOrientations_iPad = "UIInterfaceOrientationPortrait UIInterfaceOrientationPortraitUpsideDown UIInterfaceOrientationLandscapeLeft UIInterfaceOrientationLandscapeRight";
				INFOPLIST_KEY_UISupportedInterfaceOrientations_iPhone = "UIInterfaceOrientationPortrait UIInterfaceOrientationLandscapeLeft UIInterfaceOrientationLandscapeRight";
				IPHONEOS_DEPLOYMENT_TARGET = 15.4;
				LD_RUNPATH_SEARCH_PATHS = (
					"$(inherited)",
					"@executable_path/Frameworks",
				);
				MARKETING_VERSION = 1.0;
				PRODUCT_BUNDLE_IDENTIFIER = no.firstprogram;
				PRODUCT_NAME = firstprogram;
				SDKROOT = iphoneos;
				SWIFT_EMIT_LOC_STRINGS = YES;
				SWIFT_OBJC_BRIDGING_HEADER = "firstprogram (iOS)-Bridging-Header.h";
				SWIFT_OPTIMIZATION_LEVEL = "-Onone";
				SWIFT_VERSION = 5.0;
				TARGETED_DEVICE_FAMILY = "1,2";
			};
			name = Debug;
		};
		F0822F27282B599E00E26EE4 /* Release */ = {
			isa = XCBuildConfiguration;
			buildSettings = {
				ASSETCATALOG_COMPILER_APPICON_NAME = AppIcon;
				ASSETCATALOG_COMPILER_GLOBAL_ACCENT_COLOR_NAME = AccentColor;
				CLANG_ENABLE_MODULES = YES;
				CODE_SIGN_STYLE = Automatic;
				CURRENT_PROJECT_VERSION = 1;
				ENABLE_PREVIEWS = YES;
				GENERATE_INFOPLIST_FILE = YES;
				INFOPLIST_KEY_UIApplicationSceneManifest_Generation = YES;
				INFOPLIST_KEY_UIApplicationSupportsIndirectInputEvents = YES;
				INFOPLIST_KEY_UILaunchScreen_Generation = YES;
				INFOPLIST_KEY_UISupportedInterfaceOrientations_iPad = "UIInterfaceOrientationPortrait UIInterfaceOrientationPortraitUpsideDown UIInterfaceOrientationLandscapeLeft UIInterfaceOrientationLandscapeRight";
				INFOPLIST_KEY_UISupportedInterfaceOrientations_iPhone = "UIInterfaceOrientationPortrait UIInterfaceOrientationLandscapeLeft UIInterfaceOrientationLandscapeRight";
				IPHONEOS_DEPLOYMENT_TARGET = 15.4;
				LD_RUNPATH_SEARCH_PATHS = (
					"$(inherited)",
					"@executable_path/Frameworks",
				);
				MARKETING_VERSION = 1.0;
				PRODUCT_BUNDLE_IDENTIFIER = no.firstprogram;
				PRODUCT_NAME = firstprogram;
				SDKROOT = iphoneos;
				SWIFT_EMIT_LOC_STRINGS = YES;
				SWIFT_OBJC_BRIDGING_HEADER = "firstprogram (iOS)-Bridging-Header.h";
				SWIFT_VERSION = 5.0;
				TARGETED_DEVICE_FAMILY = "1,2";
				VALIDATE_PRODUCT = YES;
			};
			name = Release;
		};
		F0822F29282B599E00E26EE4 /* Debug */ = {
			isa = XCBuildConfiguration;
			buildSettings = {
				ASSETCATALOG_COMPILER_APPICON_NAME = AppIcon;
				ASSETCATALOG_COMPILER_GLOBAL_ACCENT_COLOR_NAME = AccentColor;
				CLANG_ENABLE_MODULES = YES;
				CODE_SIGN_ENTITLEMENTS = macOS/macOS.entitlements;
				CODE_SIGN_STYLE = Automatic;
				COMBINE_HIDPI_IMAGES = YES;
				CURRENT_PROJECT_VERSION = 1;
				ENABLE_PREVIEWS = YES;
				GENERATE_INFOPLIST_FILE = YES;
				INFOPLIST_KEY_NSHumanReadableCopyright = "";
				LD_RUNPATH_SEARCH_PATHS = (
					"$(inherited)",
					"@executable_path/../Frameworks",
				);
				MACOSX_DEPLOYMENT_TARGET = 12.3;
				MARKETING_VERSION = 1.0;
				PRODUCT_BUNDLE_IDENTIFIER = no.firstprogram;
				PRODUCT_NAME = firstprogram;
				SDKROOT = macosx;
				SWIFT_EMIT_LOC_STRINGS = YES;
				SWIFT_OBJC_BRIDGING_HEADER = "firstprogram (macOS)-Bridging-Header.h";
				SWIFT_OPTIMIZATION_LEVEL = "-Onone";
				SWIFT_VERSION = 5.0;
			};
			name = Debug;
		};
		F0822F2A282B599E00E26EE4 /* Release */ = {
			isa = XCBuildConfiguration;
			buildSettings = {
				ASSETCATALOG_COMPILER_APPICON_NAME = AppIcon;
				ASSETCATALOG_COMPILER_GLOBAL_ACCENT_COLOR_NAME = AccentColor;
				CLANG_ENABLE_MODULES = YES;
				CODE_SIGN_ENTITLEMENTS = macOS/macOS.entitlements;
				CODE_SIGN_STYLE = Automatic;
				COMBINE_HIDPI_IMAGES = YES;
				CURRENT_PROJECT_VERSION = 1;
				ENABLE_PREVIEWS = YES;
				GENERATE_INFOPLIST_FILE = YES;
				INFOPLIST_KEY_NSHumanReadableCopyright = "";
				LD_RUNPATH_SEARCH_PATHS = (
					"$(inherited)",
					"@executable_path/../Frameworks",
				);
				MACOSX_DEPLOYMENT_TARGET = 12.3;
				MARKETING_VERSION = 1.0;
				PRODUCT_BUNDLE_IDENTIFIER = no.firstprogram;
				PRODUCT_NAME = firstprogram;
				SDKROOT = macosx;
				SWIFT_EMIT_LOC_STRINGS = YES;
				SWIFT_OBJC_BRIDGING_HEADER = "firstprogram (macOS)-Bridging-Header.h";
				SWIFT_VERSION = 5.0;
			};
			name = Release;
		};
		F0822F2C282B599E00E26EE4 /* Debug */ = {
			isa = XCBuildConfiguration;
			buildSettings = {
				ALWAYS_EMBED_SWIFT_STANDARD_LIBRARIES = YES;
				CODE_SIGN_STYLE = Automatic;
				CURRENT_PROJECT_VERSION = 1;
				GENERATE_INFOPLIST_FILE = YES;
				IPHONEOS_DEPLOYMENT_TARGET = 15.4;
				MARKETING_VERSION = 1.0;
				PRODUCT_BUNDLE_IDENTIFIER = "no.Tests-iOS";
				PRODUCT_NAME = "$(TARGET_NAME)";
				SDKROOT = iphoneos;
				SWIFT_EMIT_LOC_STRINGS = NO;
				SWIFT_VERSION = 5.0;
				TARGETED_DEVICE_FAMILY = "1,2";
				TEST_TARGET_NAME = "firstprogram (iOS)";
			};
			name = Debug;
		};
		F0822F2D282B599E00E26EE4 /* Release */ = {
			isa = XCBuildConfiguration;
			buildSettings = {
				ALWAYS_EMBED_SWIFT_STANDARD_LIBRARIES = YES;
				CODE_SIGN_STYLE = Automatic;
				CURRENT_PROJECT_VERSION = 1;
				GENERATE_INFOPLIST_FILE = YES;
				IPHONEOS_DEPLOYMENT_TARGET = 15.4;
				MARKETING_VERSION = 1.0;
				PRODUCT_BUNDLE_IDENTIFIER = "no.Tests-iOS";
				PRODUCT_NAME = "$(TARGET_NAME)";
				SDKROOT = iphoneos;
				SWIFT_EMIT_LOC_STRINGS = NO;
				SWIFT_VERSION = 5.0;
				TARGETED_DEVICE_FAMILY = "1,2";
				TEST_TARGET_NAME = "firstprogram (iOS)";
				VALIDATE_PRODUCT = YES;
			};
			name = Release;
		};
		F0822F2F282B599E00E26EE4 /* Debug */ = {
			isa = XCBuildConfiguration;
			buildSettings = {
				ALWAYS_EMBED_SWIFT_STANDARD_LIBRARIES = YES;
				CODE_SIGN_STYLE = Automatic;
				CURRENT_PROJECT_VERSION = 1;
				GENERATE_INFOPLIST_FILE = YES;
				MACOSX_DEPLOYMENT_TARGET = 12.3;
				MARKETING_VERSION = 1.0;
				PRODUCT_BUNDLE_IDENTIFIER = "no.Tests-macOS";
				PRODUCT_NAME = "$(TARGET_NAME)";
				SDKROOT = macosx;
				SWIFT_EMIT_LOC_STRINGS = NO;
				SWIFT_VERSION = 5.0;
				TEST_TARGET_NAME = "firstprogram (macOS)";
			};
			name = Debug;
		};
		F0822F30282B599E00E26EE4 /* Release */ = {
			isa = XCBuildConfiguration;
			buildSettings = {
				ALWAYS_EMBED_SWIFT_STANDARD_LIBRARIES = YES;
				CODE_SIGN_STYLE = Automatic;
				CURRENT_PROJECT_VERSION = 1;
				GENERATE_INFOPLIST_FILE = YES;
				MACOSX_DEPLOYMENT_TARGET = 12.3;
				MARKETING_VERSION = 1.0;
				PRODUCT_BUNDLE_IDENTIFIER = "no.Tests-macOS";
				PRODUCT_NAME = "$(TARGET_NAME)";
				SDKROOT = macosx;
				SWIFT_EMIT_LOC_STRINGS = NO;
				SWIFT_VERSION = 5.0;
				TEST_TARGET_NAME = "firstprogram (macOS)";
			};
			name = Release;
		};
/* End XCBuildConfiguration section */

/* Begin XCConfigurationList section */
		F0822EF3282B599C00E26EE4 /* Build configuration list for PBXProject "firstprogram" */ = {
			isa = XCConfigurationList;
			buildConfigurations = (
				F0822F23282B599E00E26EE4 /* Debug */,
				F0822F24282B599E00E26EE4 /* Release */,
			);
			defaultConfigurationIsVisible = 0;
			defaultConfigurationName = Release;
		};
		F0822F25282B599E00E26EE4 /* Build configuration list for PBXNativeTarget "firstprogram (iOS)" */ = {
			isa = XCConfigurationList;
			buildConfigurations = (
				F0822F26282B599E00E26EE4 /* Debug */,
				F0822F27282B599E00E26EE4 /* Release */,
			);
			defaultConfigurationIsVisible = 0;
			defaultConfigurationName = Release;
		};
		F0822F28282B599E00E26EE4 /* Build configuration list for PBXNativeTarget "firstprogram (macOS)" */ = {
			isa = XCConfigurationList;
			buildConfigurations = (
				F0822F29282B599E00E26EE4 /* Debug */,
				F0822F2A282B599E00E26EE4 /* Release */,
			);
			defaultConfigurationIsVisible = 0;
			defaultConfigurationName = Release;
		};
		F0822F2B282B599E00E26EE4 /* Build configuration list for PBXNativeTarget "Tests iOS" */ = {
			isa = XCConfigurationList;
			buildConfigurations = (
				F0822F2C282B599E00E26EE4 /* Debug */,
				F0822F2D282B599E00E26EE4 /* Release */,
			);
			defaultConfigurationIsVisible = 0;
			defaultConfigurationName = Release;
		};
		F0822F2E282B599E00E26EE4 /* Build configuration list for PBXNativeTarget "Tests macOS" */ = {
			isa = XCConfigurationList;
			buildConfigurations = (
				F0822F2F282B599E00E26EE4 /* Debug */,
				F0822F30282B599E00E26EE4 /* Release */,
			);
			defaultConfigurationIsVisible = 0;
			defaultConfigurationName = Release;
		};
/* End XCConfigurationList section */
	};
	rootObject = F0822EF0282B599C00E26EE4 /* Project object */;
}
